<Solution>
  <Folder Name="/Exercises/">
    <Project Path="Exercises/AdvancedClassesExercise/BankAccountExercise.csproj" Id="706f7b5c-9cb9-48cd-8e08-3cab4b79bc22" />
    <Project Path="Exercises/highNumberProject/HighNumExercise.csproj" />
  </Folder>
  <Project Path="AdvancedClasses/AdvancedClasses.csproj" />
  <Project Path="Classes/Classes.csproj" />
</Solution>
